<Solution>
  <Folder Name="/src/">
    <Project Path="src/NursingCare.Api/NursingCare.Api.csproj" />
    <Project Path="src/NursingCare.Application/NursingCare.Application.csproj" />
    <Project Path="src/NursingCare.Domain/NursingCare.Domain.csproj" />
    <Project Path="src/NursingCare.Infrastructure/NursingCare.Infrastructure.csproj" />
  </Folder>
  <Folder Name="/tests/">
    <Project Path="tests/NursingCare.Domain.Tests/NursingCare.Domain.Tests.csproj" />
  </Folder>
</Solution>
