Microsoft Visual Studio Solution File, Format Version 12.00
# Visual Studio Version 17
VisualStudioVersion = 17.5.2.0
MinimumVisualStudioVersion = 10.0.40219.1
Project("{FAE04EC0-301F-11D3-BF4B-00C04F79EFBC}") = "NursingCareBackend.Domain", "NursingCareBackend.Domain\NursingCareBackend.Domain.csproj", "{E3CEBEED-4230-3F73-FE0E-A719CA2D4DA2}"
EndProject
Project("{FAE04EC0-301F-11D3-BF4B-00C04F79EFBC}") = "NursingCareBackend.Infrastructure", "NursingCareBackend.Infrastructure\NursingCareBackend.Infrastructure.csproj", "{AB5849F6-1AB2-7443-BD49-AB32F00AAB55}"
EndProject
Project("{FAE04EC0-301F-11D3-BF4B-00C04F79EFBC}") = "NursingCareBackend.Api", "NursingCareBackend.Api\NursingCareBackend.Api.csproj", "{948825A3-7708-8CF5-91F7-0C59FBC753D9}"
EndProject
Project("{FAE04EC0-301F-11D3-BF4B-00C04F79EFBC}") = "NursingCareBackend.Application", "NursingCareBackend.Application\NursingCareBackend.Application.csproj", "{27C6B1B3-CF8C-0946-8C0C-80FFF2B40A6E}"
EndProject
Global
	GlobalSection(SolutionConfigurationPlatforms) = preSolution
		Debug|Any CPU = Debug|Any CPU
		Release|Any CPU = Release|Any CPU
	EndGlobalSection
	GlobalSection(ProjectConfigurationPlatforms) = postSolution
		{E3CEBEED-4230-3F73-FE0E-A719CA2D4DA2}.Debug|Any CPU.ActiveCfg = Debug|Any CPU
		{E3CEBEED-4230-3F73-FE0E-A719CA2D4DA2}.Debug|Any CPU.Build.0 = Debug|Any CPU
		{E3CEBEED-4230-3F73-FE0E-A719CA2D4DA2}.Release|Any CPU.ActiveCfg = Release|Any CPU
		{E3CEBEED-4230-3F73-FE0E-A719CA2D4DA2}.Release|Any CPU.Build.0 = Release|Any CPU
		{AB5849F6-1AB2-7443-BD49-AB32F00AAB55}.Debug|Any CPU.ActiveCfg = Debug|Any CPU
		{AB5849F6-1AB2-7443-BD49-AB32F00AAB55}.Debug|Any CPU.Build.0 = Debug|Any CPU
		{AB5849F6-1AB2-7443-BD49-AB32F00AAB55}.Release|Any CPU.ActiveCfg = Release|Any CPU
		{AB5849F6-1AB2-7443-BD49-AB32F00AAB55}.Release|Any CPU.Build.0 = Release|Any CPU
		{948825A3-7708-8CF5-91F7-0C59FBC753D9}.Debug|Any CPU.ActiveCfg = Debug|Any CPU
		{948825A3-7708-8CF5-91F7-0C59FBC753D9}.Debug|Any CPU.Build.0 = Debug|Any CPU
		{948825A3-7708-8CF5-91F7-0C59FBC753D9}.Release|Any CPU.ActiveCfg = Release|Any CPU
		{948825A3-7708-8CF5-91F7-0C59FBC753D9}.Release|Any CPU.Build.0 = Release|Any CPU
		{27C6B1B3-CF8C-0946-8C0C-80FFF2B40A6E}.Debug|Any CPU.ActiveCfg = Debug|Any CPU
		{27C6B1B3-CF8C-0946-8C0C-80FFF2B40A6E}.Debug|Any CPU.Build.0 = Debug|Any CPU
		{27C6B1B3-CF8C-0946-8C0C-80FFF2B40A6E}.Release|Any CPU.ActiveCfg = Release|Any CPU
		{27C6B1B3-CF8C-0946-8C0C-80FFF2B40A6E}.Release|Any CPU.Build.0 = Release|Any CPU
	EndGlobalSection
	GlobalSection(SolutionProperties) = preSolution
		HideSolutionNode = FALSE
	EndGlobalSection
	GlobalSection(ExtensibilityGlobals) = postSolution
		SolutionGuid = {B42609B1-1A8D-4113-B9DB-AAB6832EC349}
	EndGlobalSection
EndGlobal
